
Microsoft Visual Studio Solution File, Format Version 12.00
# Visual Studio 2012
Project("{FAE04EC0-301F-11D3-BF4B-00C04F79EFBC}") = "XF.Atividade4", "XF.Atividade4\XF.Atividade4.csproj", "{B2E4B848-BF1B-447E-9763-621827AE0B7B}"
EndProject
Project("{FAE04EC0-301F-11D3-BF4B-00C04F79EFBC}") = "XF.Atividade4.iOS", "iOS\XF.Atividade4.iOS.csproj", "{4A5FC898-822A-4440-B6DF-35E4DC793D15}"
EndProject
Project("{FAE04EC0-301F-11D3-BF4B-00C04F79EFBC}") = "XF.Atividade4.Droid", "Droid\XF.Atividade4.Droid.csproj", "{4F087262-AEAB-41AF-BA28-0EAF363AAC75}"
EndProject
Global
	GlobalSection(SolutionConfigurationPlatforms) = preSolution
		Debug|Any CPU = Debug|Any CPU
		Release|Any CPU = Release|Any CPU
		Debug|iPhoneSimulator = Debug|iPhoneSimulator
		Release|iPhone = Release|iPhone
		Release|iPhoneSimulator = Release|iPhoneSimulator
		Debug|iPhone = Debug|iPhone
	EndGlobalSection
	GlobalSection(ProjectConfigurationPlatforms) = postSolution
		{B2E4B848-BF1B-447E-9763-621827AE0B7B}.Debug|Any CPU.ActiveCfg = Debug|Any CPU
		{B2E4B848-BF1B-447E-9763-621827AE0B7B}.Debug|Any CPU.Build.0 = Debug|Any CPU
		{B2E4B848-BF1B-447E-9763-621827AE0B7B}.Release|Any CPU.ActiveCfg = Release|Any CPU
		{B2E4B848-BF1B-447E-9763-621827AE0B7B}.Release|Any CPU.Build.0 = Release|Any CPU
		{B2E4B848-BF1B-447E-9763-621827AE0B7B}.Debug|iPhoneSimulator.ActiveCfg = Debug|Any CPU
		{B2E4B848-BF1B-447E-9763-621827AE0B7B}.Debug|iPhoneSimulator.Build.0 = Debug|Any CPU
		{B2E4B848-BF1B-447E-9763-621827AE0B7B}.Release|iPhone.ActiveCfg = Release|Any CPU
		{B2E4B848-BF1B-447E-9763-621827AE0B7B}.Release|iPhone.Build.0 = Release|Any CPU
		{B2E4B848-BF1B-447E-9763-621827AE0B7B}.Release|iPhoneSimulator.ActiveCfg = Release|Any CPU
		{B2E4B848-BF1B-447E-9763-621827AE0B7B}.Release|iPhoneSimulator.Build.0 = Release|Any CPU
		{B2E4B848-BF1B-447E-9763-621827AE0B7B}.Debug|iPhone.ActiveCfg = Debug|Any CPU
		{B2E4B848-BF1B-447E-9763-621827AE0B7B}.Debug|iPhone.Build.0 = Debug|Any CPU
		{4A5FC898-822A-4440-B6DF-35E4DC793D15}.Debug|Any CPU.ActiveCfg = Debug|iPhoneSimulator
		{4A5FC898-822A-4440-B6DF-35E4DC793D15}.Debug|Any CPU.Build.0 = Debug|iPhoneSimulator
		{4A5FC898-822A-4440-B6DF-35E4DC793D15}.Release|Any CPU.ActiveCfg = Release|iPhone
		{4A5FC898-822A-4440-B6DF-35E4DC793D15}.Release|Any CPU.Build.0 = Release|iPhone
		{4A5FC898-822A-4440-B6DF-35E4DC793D15}.Debug|iPhoneSimulator.ActiveCfg = Debug|iPhoneSimulator
		{4A5FC898-822A-4440-B6DF-35E4DC793D15}.Debug|iPhoneSimulator.Build.0 = Debug|iPhoneSimulator
		{4A5FC898-822A-4440-B6DF-35E4DC793D15}.Release|iPhone.ActiveCfg = Release|iPhone
		{4A5FC898-822A-4440-B6DF-35E4DC793D15}.Release|iPhone.Build.0 = Release|iPhone
		{4A5FC898-822A-4440-B6DF-35E4DC793D15}.Release|iPhoneSimulator.ActiveCfg = Release|iPhoneSimulator
		{4A5FC898-822A-4440-B6DF-35E4DC793D15}.Release|iPhoneSimulator.Build.0 = Release|iPhoneSimulator
		{4A5FC898-822A-4440-B6DF-35E4DC793D15}.Debug|iPhone.ActiveCfg = Debug|iPhone
		{4A5FC898-822A-4440-B6DF-35E4DC793D15}.Debug|iPhone.Build.0 = Debug|iPhone
		{4F087262-AEAB-41AF-BA28-0EAF363AAC75}.Debug|Any CPU.ActiveCfg = Debug|Any CPU
		{4F087262-AEAB-41AF-BA28-0EAF363AAC75}.Debug|Any CPU.Build.0 = Debug|Any CPU
		{4F087262-AEAB-41AF-BA28-0EAF363AAC75}.Release|Any CPU.ActiveCfg = Release|Any CPU
		{4F087262-AEAB-41AF-BA28-0EAF363AAC75}.Release|Any CPU.Build.0 = Release|Any CPU
		{4F087262-AEAB-41AF-BA28-0EAF363AAC75}.Debug|iPhoneSimulator.ActiveCfg = Debug|Any CPU
		{4F087262-AEAB-41AF-BA28-0EAF363AAC75}.Debug|iPhoneSimulator.Build.0 = Debug|Any CPU
		{4F087262-AEAB-41AF-BA28-0EAF363AAC75}.Release|iPhone.ActiveCfg = Release|Any CPU
		{4F087262-AEAB-41AF-BA28-0EAF363AAC75}.Release|iPhone.Build.0 = Release|Any CPU
		{4F087262-AEAB-41AF-BA28-0EAF363AAC75}.Release|iPhoneSimulator.ActiveCfg = Release|Any CPU
		{4F087262-AEAB-41AF-BA28-0EAF363AAC75}.Release|iPhoneSimulator.Build.0 = Release|Any CPU
		{4F087262-AEAB-41AF-BA28-0EAF363AAC75}.Debug|iPhone.ActiveCfg = Debug|Any CPU
		{4F087262-AEAB-41AF-BA28-0EAF363AAC75}.Debug|iPhone.Build.0 = Debug|Any CPU
	EndGlobalSection
EndGlobal
