
Microsoft Visual Studio Solution File, Format Version 12.00
# Visual Studio 2012
Project("{FAE04EC0-301F-11D3-BF4B-00C04F79EFBC}") = "XF.Atividade6", "XF.Atividade6\XF.Atividade6.csproj", "{8D6AFA19-9265-4601-AC6F-973C7681007F}"
EndProject
Project("{FAE04EC0-301F-11D3-BF4B-00C04F79EFBC}") = "XF.Atividade6.iOS", "iOS\XF.Atividade6.iOS.csproj", "{956E423B-B53F-4506-A8E0-C71C356F069F}"
EndProject
Project("{FAE04EC0-301F-11D3-BF4B-00C04F79EFBC}") = "XF.Atividade6.Droid", "Droid\XF.Atividade6.Droid.csproj", "{EE9406A7-DB75-4E41-93E1-FDB003EC7D6F}"
EndProject
Project("{FAE04EC0-301F-11D3-BF4B-00C04F79EFBC}") = "XF.Atividade6.UITests", "UITests\XF.Atividade6.UITests.csproj", "{82C3F93D-5FEB-4DF0-A93F-F21894DABE25}"
EndProject
Global
	GlobalSection(SolutionConfigurationPlatforms) = preSolution
		Debug|Any CPU = Debug|Any CPU
		Release|Any CPU = Release|Any CPU
		Debug|iPhoneSimulator = Debug|iPhoneSimulator
		Release|iPhone = Release|iPhone
		Release|iPhoneSimulator = Release|iPhoneSimulator
		Debug|iPhone = Debug|iPhone
	EndGlobalSection
	GlobalSection(ProjectConfigurationPlatforms) = postSolution
		{8D6AFA19-9265-4601-AC6F-973C7681007F}.Debug|Any CPU.ActiveCfg = Debug|Any CPU
		{8D6AFA19-9265-4601-AC6F-973C7681007F}.Debug|Any CPU.Build.0 = Debug|Any CPU
		{8D6AFA19-9265-4601-AC6F-973C7681007F}.Release|Any CPU.ActiveCfg = Release|Any CPU
		{8D6AFA19-9265-4601-AC6F-973C7681007F}.Release|Any CPU.Build.0 = Release|Any CPU
		{8D6AFA19-9265-4601-AC6F-973C7681007F}.Debug|iPhoneSimulator.ActiveCfg = Debug|Any CPU
		{8D6AFA19-9265-4601-AC6F-973C7681007F}.Debug|iPhoneSimulator.Build.0 = Debug|Any CPU
		{8D6AFA19-9265-4601-AC6F-973C7681007F}.Release|iPhone.ActiveCfg = Release|Any CPU
		{8D6AFA19-9265-4601-AC6F-973C7681007F}.Release|iPhone.Build.0 = Release|Any CPU
		{8D6AFA19-9265-4601-AC6F-973C7681007F}.Release|iPhoneSimulator.ActiveCfg = Release|Any CPU
		{8D6AFA19-9265-4601-AC6F-973C7681007F}.Release|iPhoneSimulator.Build.0 = Release|Any CPU
		{8D6AFA19-9265-4601-AC6F-973C7681007F}.Debug|iPhone.ActiveCfg = Debug|Any CPU
		{8D6AFA19-9265-4601-AC6F-973C7681007F}.Debug|iPhone.Build.0 = Debug|Any CPU
		{956E423B-B53F-4506-A8E0-C71C356F069F}.Debug|Any CPU.ActiveCfg = Debug|iPhoneSimulator
		{956E423B-B53F-4506-A8E0-C71C356F069F}.Debug|Any CPU.Build.0 = Debug|iPhoneSimulator
		{956E423B-B53F-4506-A8E0-C71C356F069F}.Release|Any CPU.ActiveCfg = Release|iPhone
		{956E423B-B53F-4506-A8E0-C71C356F069F}.Release|Any CPU.Build.0 = Release|iPhone
		{956E423B-B53F-4506-A8E0-C71C356F069F}.Debug|iPhoneSimulator.ActiveCfg = Debug|iPhoneSimulator
		{956E423B-B53F-4506-A8E0-C71C356F069F}.Debug|iPhoneSimulator.Build.0 = Debug|iPhoneSimulator
		{956E423B-B53F-4506-A8E0-C71C356F069F}.Release|iPhone.ActiveCfg = Release|iPhone
		{956E423B-B53F-4506-A8E0-C71C356F069F}.Release|iPhone.Build.0 = Release|iPhone
		{956E423B-B53F-4506-A8E0-C71C356F069F}.Release|iPhoneSimulator.ActiveCfg = Release|iPhoneSimulator
		{956E423B-B53F-4506-A8E0-C71C356F069F}.Release|iPhoneSimulator.Build.0 = Release|iPhoneSimulator
		{956E423B-B53F-4506-A8E0-C71C356F069F}.Debug|iPhone.ActiveCfg = Debug|iPhone
		{956E423B-B53F-4506-A8E0-C71C356F069F}.Debug|iPhone.Build.0 = Debug|iPhone
		{EE9406A7-DB75-4E41-93E1-FDB003EC7D6F}.Debug|Any CPU.ActiveCfg = Debug|Any CPU
		{EE9406A7-DB75-4E41-93E1-FDB003EC7D6F}.Debug|Any CPU.Build.0 = Debug|Any CPU
		{EE9406A7-DB75-4E41-93E1-FDB003EC7D6F}.Release|Any CPU.ActiveCfg = Release|Any CPU
		{EE9406A7-DB75-4E41-93E1-FDB003EC7D6F}.Release|Any CPU.Build.0 = Release|Any CPU
		{EE9406A7-DB75-4E41-93E1-FDB003EC7D6F}.Debug|iPhoneSimulator.ActiveCfg = Debug|Any CPU
		{EE9406A7-DB75-4E41-93E1-FDB003EC7D6F}.Debug|iPhoneSimulator.Build.0 = Debug|Any CPU
		{EE9406A7-DB75-4E41-93E1-FDB003EC7D6F}.Release|iPhone.ActiveCfg = Release|Any CPU
		{EE9406A7-DB75-4E41-93E1-FDB003EC7D6F}.Release|iPhone.Build.0 = Release|Any CPU
		{EE9406A7-DB75-4E41-93E1-FDB003EC7D6F}.Release|iPhoneSimulator.ActiveCfg = Release|Any CPU
		{EE9406A7-DB75-4E41-93E1-FDB003EC7D6F}.Release|iPhoneSimulator.Build.0 = Release|Any CPU
		{EE9406A7-DB75-4E41-93E1-FDB003EC7D6F}.Debug|iPhone.ActiveCfg = Debug|Any CPU
		{EE9406A7-DB75-4E41-93E1-FDB003EC7D6F}.Debug|iPhone.Build.0 = Debug|Any CPU
		{82C3F93D-5FEB-4DF0-A93F-F21894DABE25}.Debug|Any CPU.ActiveCfg = Debug|Any CPU
		{82C3F93D-5FEB-4DF0-A93F-F21894DABE25}.Debug|Any CPU.Build.0 = Debug|Any CPU
		{82C3F93D-5FEB-4DF0-A93F-F21894DABE25}.Release|Any CPU.ActiveCfg = Release|Any CPU
		{82C3F93D-5FEB-4DF0-A93F-F21894DABE25}.Release|Any CPU.Build.0 = Release|Any CPU
		{82C3F93D-5FEB-4DF0-A93F-F21894DABE25}.Debug|iPhoneSimulator.ActiveCfg = Debug|Any CPU
		{82C3F93D-5FEB-4DF0-A93F-F21894DABE25}.Debug|iPhoneSimulator.Build.0 = Debug|Any CPU
		{82C3F93D-5FEB-4DF0-A93F-F21894DABE25}.Release|iPhone.ActiveCfg = Release|Any CPU
		{82C3F93D-5FEB-4DF0-A93F-F21894DABE25}.Release|iPhone.Build.0 = Release|Any CPU
		{82C3F93D-5FEB-4DF0-A93F-F21894DABE25}.Release|iPhoneSimulator.ActiveCfg = Release|Any CPU
		{82C3F93D-5FEB-4DF0-A93F-F21894DABE25}.Release|iPhoneSimulator.Build.0 = Release|Any CPU
		{82C3F93D-5FEB-4DF0-A93F-F21894DABE25}.Debug|iPhone.ActiveCfg = Debug|Any CPU
		{82C3F93D-5FEB-4DF0-A93F-F21894DABE25}.Debug|iPhone.Build.0 = Debug|Any CPU
	EndGlobalSection
EndGlobal
