
Microsoft Visual Studio Solution File, Format Version 12.00
# Visual Studio 2012
Project("{FAE04EC0-301F-11D3-BF4B-00C04F79EFBC}") = "XF.Atividade5", "XF.Atividade5\XF.Atividade5.csproj", "{D44EA4AD-8E09-4CD8-981D-3DF35F332C8C}"
EndProject
Project("{FAE04EC0-301F-11D3-BF4B-00C04F79EFBC}") = "XF.Atividade5.iOS", "iOS\XF.Atividade5.iOS.csproj", "{66D24C60-B165-46CB-86A4-1E28EFB606E5}"
EndProject
Project("{FAE04EC0-301F-11D3-BF4B-00C04F79EFBC}") = "XF.Atividade5.Droid", "Droid\XF.Atividade5.Droid.csproj", "{9E21BA3C-BA1E-41BD-A633-8067398D1ABA}"
EndProject
Global
	GlobalSection(SolutionConfigurationPlatforms) = preSolution
		Debug|Any CPU = Debug|Any CPU
		Release|Any CPU = Release|Any CPU
		Debug|iPhoneSimulator = Debug|iPhoneSimulator
		Release|iPhone = Release|iPhone
		Release|iPhoneSimulator = Release|iPhoneSimulator
		Debug|iPhone = Debug|iPhone
	EndGlobalSection
	GlobalSection(ProjectConfigurationPlatforms) = postSolution
		{D44EA4AD-8E09-4CD8-981D-3DF35F332C8C}.Debug|Any CPU.ActiveCfg = Debug|Any CPU
		{D44EA4AD-8E09-4CD8-981D-3DF35F332C8C}.Debug|Any CPU.Build.0 = Debug|Any CPU
		{D44EA4AD-8E09-4CD8-981D-3DF35F332C8C}.Release|Any CPU.ActiveCfg = Release|Any CPU
		{D44EA4AD-8E09-4CD8-981D-3DF35F332C8C}.Release|Any CPU.Build.0 = Release|Any CPU
		{D44EA4AD-8E09-4CD8-981D-3DF35F332C8C}.Debug|iPhoneSimulator.ActiveCfg = Debug|Any CPU
		{D44EA4AD-8E09-4CD8-981D-3DF35F332C8C}.Debug|iPhoneSimulator.Build.0 = Debug|Any CPU
		{D44EA4AD-8E09-4CD8-981D-3DF35F332C8C}.Release|iPhone.ActiveCfg = Release|Any CPU
		{D44EA4AD-8E09-4CD8-981D-3DF35F332C8C}.Release|iPhone.Build.0 = Release|Any CPU
		{D44EA4AD-8E09-4CD8-981D-3DF35F332C8C}.Release|iPhoneSimulator.ActiveCfg = Release|Any CPU
		{D44EA4AD-8E09-4CD8-981D-3DF35F332C8C}.Release|iPhoneSimulator.Build.0 = Release|Any CPU
		{D44EA4AD-8E09-4CD8-981D-3DF35F332C8C}.Debug|iPhone.ActiveCfg = Debug|Any CPU
		{D44EA4AD-8E09-4CD8-981D-3DF35F332C8C}.Debug|iPhone.Build.0 = Debug|Any CPU
		{66D24C60-B165-46CB-86A4-1E28EFB606E5}.Debug|Any CPU.ActiveCfg = Debug|iPhoneSimulator
		{66D24C60-B165-46CB-86A4-1E28EFB606E5}.Debug|Any CPU.Build.0 = Debug|iPhoneSimulator
		{66D24C60-B165-46CB-86A4-1E28EFB606E5}.Release|Any CPU.ActiveCfg = Release|iPhone
		{66D24C60-B165-46CB-86A4-1E28EFB606E5}.Release|Any CPU.Build.0 = Release|iPhone
		{66D24C60-B165-46CB-86A4-1E28EFB606E5}.Debug|iPhoneSimulator.ActiveCfg = Debug|iPhoneSimulator
		{66D24C60-B165-46CB-86A4-1E28EFB606E5}.Debug|iPhoneSimulator.Build.0 = Debug|iPhoneSimulator
		{66D24C60-B165-46CB-86A4-1E28EFB606E5}.Release|iPhone.ActiveCfg = Release|iPhone
		{66D24C60-B165-46CB-86A4-1E28EFB606E5}.Release|iPhone.Build.0 = Release|iPhone
		{66D24C60-B165-46CB-86A4-1E28EFB606E5}.Release|iPhoneSimulator.ActiveCfg = Release|iPhoneSimulator
		{66D24C60-B165-46CB-86A4-1E28EFB606E5}.Release|iPhoneSimulator.Build.0 = Release|iPhoneSimulator
		{66D24C60-B165-46CB-86A4-1E28EFB606E5}.Debug|iPhone.ActiveCfg = Debug|iPhone
		{66D24C60-B165-46CB-86A4-1E28EFB606E5}.Debug|iPhone.Build.0 = Debug|iPhone
		{9E21BA3C-BA1E-41BD-A633-8067398D1ABA}.Debug|Any CPU.ActiveCfg = Debug|Any CPU
		{9E21BA3C-BA1E-41BD-A633-8067398D1ABA}.Debug|Any CPU.Build.0 = Debug|Any CPU
		{9E21BA3C-BA1E-41BD-A633-8067398D1ABA}.Release|Any CPU.ActiveCfg = Release|Any CPU
		{9E21BA3C-BA1E-41BD-A633-8067398D1ABA}.Release|Any CPU.Build.0 = Release|Any CPU
		{9E21BA3C-BA1E-41BD-A633-8067398D1ABA}.Debug|iPhoneSimulator.ActiveCfg = Debug|Any CPU
		{9E21BA3C-BA1E-41BD-A633-8067398D1ABA}.Debug|iPhoneSimulator.Build.0 = Debug|Any CPU
		{9E21BA3C-BA1E-41BD-A633-8067398D1ABA}.Release|iPhone.ActiveCfg = Release|Any CPU
		{9E21BA3C-BA1E-41BD-A633-8067398D1ABA}.Release|iPhone.Build.0 = Release|Any CPU
		{9E21BA3C-BA1E-41BD-A633-8067398D1ABA}.Release|iPhoneSimulator.ActiveCfg = Release|Any CPU
		{9E21BA3C-BA1E-41BD-A633-8067398D1ABA}.Release|iPhoneSimulator.Build.0 = Release|Any CPU
		{9E21BA3C-BA1E-41BD-A633-8067398D1ABA}.Debug|iPhone.ActiveCfg = Debug|Any CPU
		{9E21BA3C-BA1E-41BD-A633-8067398D1ABA}.Debug|iPhone.Build.0 = Debug|Any CPU
	EndGlobalSection
EndGlobal
